PODS:
  - Alamofire (5.6.2)
  - IQKeyboardManagerSwift (6.5.10)
  - ObjectMapper (4.2.0)
  - SnapKit (5.6.0)

DEPENDENCIES:
  - Alamofire
  - IQKeyboardManagerSwift
  - ObjectMapper
  - SnapKit

SPEC REPOS:
  trunk:
    - Alamofire
    - IQKeyboardManagerSwift
    - ObjectMapper
    - SnapKit

SPEC CHECKSUMS:
  Alamofire: d368e1ff8a298e6dde360e35a3e68e6c610e7204
  IQKeyboardManagerSwift: 52962c76ab33532f15ad9f3ff4e5715eda5335bb
  ObjectMapper: 1eb41f610210777375fa806bf161dc39fb832b81
  SnapKit: e01d52ebb8ddbc333eefe2132acf85c8227d9c25

PODFILE CHECKSUM: 9a82b91fd922264d7be790fd53983d08af6ff6c5

COCOAPODS: 1.11.3
